
Microsoft Visual Studio Solution File, Format Version 12.00
# Visual Studio 2012
Project("{FAE04EC0-301F-11D3-BF4B-00C04F79EFBC}") = "MultiChannelClient", "MultiChannelClient\MultiChannelClient.csproj", "{718C3CB3-E9B7-47DF-8C50-FCC3E6582442}"
EndProject
Project("{FAE04EC0-301F-11D3-BF4B-00C04F79EFBC}") = "MultiChannelServer", "MultiChannelServer\MultiChannelServer.csproj", "{776D1534-4016-428D-8B29-DB76AD2838F3}"
EndProject
Global
	GlobalSection(SolutionConfigurationPlatforms) = preSolution
		Debug|Any CPU = Debug|Any CPU
		Release|Any CPU = Release|Any CPU
	EndGlobalSection
	GlobalSection(ProjectConfigurationPlatforms) = postSolution
		{718C3CB3-E9B7-47DF-8C50-FCC3E6582442}.Debug|Any CPU.ActiveCfg = Debug|Any CPU
		{718C3CB3-E9B7-47DF-8C50-FCC3E6582442}.Debug|Any CPU.Build.0 = Debug|Any CPU
		{718C3CB3-E9B7-47DF-8C50-FCC3E6582442}.Release|Any CPU.ActiveCfg = Release|Any CPU
		{718C3CB3-E9B7-47DF-8C50-FCC3E6582442}.Release|Any CPU.Build.0 = Release|Any CPU
		{776D1534-4016-428D-8B29-DB76AD2838F3}.Debug|Any CPU.ActiveCfg = Debug|Any CPU
		{776D1534-4016-428D-8B29-DB76AD2838F3}.Debug|Any CPU.Build.0 = Debug|Any CPU
		{776D1534-4016-428D-8B29-DB76AD2838F3}.Release|Any CPU.ActiveCfg = Release|Any CPU
		{776D1534-4016-428D-8B29-DB76AD2838F3}.Release|Any CPU.Build.0 = Release|Any CPU
	EndGlobalSection
	GlobalSection(SolutionProperties) = preSolution
		HideSolutionNode = FALSE
	EndGlobalSection
EndGlobal
