
Microsoft Visual Studio Solution File, Format Version 12.00
# Visual Studio 2012
Project("{FAE04EC0-301F-11D3-BF4B-00C04F79EFBC}") = "Test", "Test\Test\Test.csproj", "{4389B305-B381-4B50-B1A8-BBB5259A0524}"
EndProject
Project("{FAE04EC0-301F-11D3-BF4B-00C04F79EFBC}") = "Test.ServiceModel", "Test\Test.ServiceModel\Test.ServiceModel.csproj", "{53E82AC1-DD1D-4C66-B55F-F9F4ACFB2F40}"
EndProject
Project("{FAE04EC0-301F-11D3-BF4B-00C04F79EFBC}") = "Test.ServiceInterface", "Test\Test.ServiceInterface\Test.ServiceInterface.csproj", "{801A0F89-D5F6-49A6-BCEA-6624388C98A4}"
EndProject
Project("{FAE04EC0-301F-11D3-BF4B-00C04F79EFBC}") = "Test.Tests", "Test\Test.Tests\Test.Tests.csproj", "{D22B5797-9F2A-4BA7-9636-6EFCE62EBE00}"
EndProject
Project("{F2A71F9B-5D33-465A-A702-920D77279786}") = "Test.TestFSharp", "Test.TestFSharp\Test.TestFSharp.fsproj", "{4D052334-DFAF-497B-88D7-38F362E1F386}"
EndProject
Project("{F184B08F-C81C-45F6-A57F-5ABD9991F28F}") = "Test.TestVbNet", "Test.TestVbNet\Test.TestVbNet.vbproj", "{9F321F3D-E48E-4ED9-8876-EC5BC5278B33}"
EndProject
Project("{FAE04EC0-301F-11D3-BF4B-00C04F79EFBC}") = "External.ServiceModel", "External.ServiceModel\External.ServiceModel.csproj", "{E813C416-E358-4CC2-A188-6BA11A33091F}"
EndProject
Global
	GlobalSection(SolutionConfigurationPlatforms) = preSolution
		Debug|Any CPU = Debug|Any CPU
		Release|Any CPU = Release|Any CPU
	EndGlobalSection
	GlobalSection(ProjectConfigurationPlatforms) = postSolution
		{4389B305-B381-4B50-B1A8-BBB5259A0524}.Debug|Any CPU.ActiveCfg = Debug|Any CPU
		{4389B305-B381-4B50-B1A8-BBB5259A0524}.Debug|Any CPU.Build.0 = Debug|Any CPU
		{4389B305-B381-4B50-B1A8-BBB5259A0524}.Release|Any CPU.ActiveCfg = Release|Any CPU
		{4389B305-B381-4B50-B1A8-BBB5259A0524}.Release|Any CPU.Build.0 = Release|Any CPU
		{53E82AC1-DD1D-4C66-B55F-F9F4ACFB2F40}.Debug|Any CPU.ActiveCfg = Debug|Any CPU
		{53E82AC1-DD1D-4C66-B55F-F9F4ACFB2F40}.Debug|Any CPU.Build.0 = Debug|Any CPU
		{53E82AC1-DD1D-4C66-B55F-F9F4ACFB2F40}.Release|Any CPU.ActiveCfg = Release|Any CPU
		{53E82AC1-DD1D-4C66-B55F-F9F4ACFB2F40}.Release|Any CPU.Build.0 = Release|Any CPU
		{801A0F89-D5F6-49A6-BCEA-6624388C98A4}.Debug|Any CPU.ActiveCfg = Debug|Any CPU
		{801A0F89-D5F6-49A6-BCEA-6624388C98A4}.Debug|Any CPU.Build.0 = Debug|Any CPU
		{801A0F89-D5F6-49A6-BCEA-6624388C98A4}.Release|Any CPU.ActiveCfg = Release|Any CPU
		{801A0F89-D5F6-49A6-BCEA-6624388C98A4}.Release|Any CPU.Build.0 = Release|Any CPU
		{D22B5797-9F2A-4BA7-9636-6EFCE62EBE00}.Debug|Any CPU.ActiveCfg = Debug|Any CPU
		{D22B5797-9F2A-4BA7-9636-6EFCE62EBE00}.Debug|Any CPU.Build.0 = Debug|Any CPU
		{D22B5797-9F2A-4BA7-9636-6EFCE62EBE00}.Release|Any CPU.ActiveCfg = Release|Any CPU
		{D22B5797-9F2A-4BA7-9636-6EFCE62EBE00}.Release|Any CPU.Build.0 = Release|Any CPU
		{4D052334-DFAF-497B-88D7-38F362E1F386}.Debug|Any CPU.ActiveCfg = Debug|Any CPU
		{4D052334-DFAF-497B-88D7-38F362E1F386}.Debug|Any CPU.Build.0 = Debug|Any CPU
		{4D052334-DFAF-497B-88D7-38F362E1F386}.Release|Any CPU.ActiveCfg = Release|Any CPU
		{4D052334-DFAF-497B-88D7-38F362E1F386}.Release|Any CPU.Build.0 = Release|Any CPU
		{9F321F3D-E48E-4ED9-8876-EC5BC5278B33}.Debug|Any CPU.ActiveCfg = Debug|Any CPU
		{9F321F3D-E48E-4ED9-8876-EC5BC5278B33}.Debug|Any CPU.Build.0 = Debug|Any CPU
		{9F321F3D-E48E-4ED9-8876-EC5BC5278B33}.Release|Any CPU.ActiveCfg = Release|Any CPU
		{9F321F3D-E48E-4ED9-8876-EC5BC5278B33}.Release|Any CPU.Build.0 = Release|Any CPU
		{E813C416-E358-4CC2-A188-6BA11A33091F}.Debug|Any CPU.ActiveCfg = Debug|Any CPU
		{E813C416-E358-4CC2-A188-6BA11A33091F}.Debug|Any CPU.Build.0 = Debug|Any CPU
		{E813C416-E358-4CC2-A188-6BA11A33091F}.Release|Any CPU.ActiveCfg = Release|Any CPU
		{E813C416-E358-4CC2-A188-6BA11A33091F}.Release|Any CPU.Build.0 = Release|Any CPU
	EndGlobalSection
	GlobalSection(SolutionProperties) = preSolution
		HideSolutionNode = FALSE
	EndGlobalSection
EndGlobal
