
Microsoft Visual Studio Solution File, Format Version 12.00
# Visual Studio 2012
Project("{FAE04EC0-301F-11D3-BF4B-00C04F79EFBC}") = "RabbitMqTest.Server", "RabbitMqTest.Server\RabbitMqTest.Server.csproj", "{38AE7D81-6AC2-4C1B-A2A9-B9ECCE61D30C}"
EndProject
Project("{FAE04EC0-301F-11D3-BF4B-00C04F79EFBC}") = "RabbitMqTest.Client", "RabbitMqTest.Client\RabbitMqTest.Client.csproj", "{43A87AA9-D4AE-4BEA-8D80-43A2FD60BB29}"
EndProject
Global
	GlobalSection(SolutionConfigurationPlatforms) = preSolution
		Debug|Any CPU = Debug|Any CPU
		Release|Any CPU = Release|Any CPU
	EndGlobalSection
	GlobalSection(ProjectConfigurationPlatforms) = postSolution
		{38AE7D81-6AC2-4C1B-A2A9-B9ECCE61D30C}.Debug|Any CPU.ActiveCfg = Debug|Any CPU
		{38AE7D81-6AC2-4C1B-A2A9-B9ECCE61D30C}.Debug|Any CPU.Build.0 = Debug|Any CPU
		{38AE7D81-6AC2-4C1B-A2A9-B9ECCE61D30C}.Release|Any CPU.ActiveCfg = Release|Any CPU
		{38AE7D81-6AC2-4C1B-A2A9-B9ECCE61D30C}.Release|Any CPU.Build.0 = Release|Any CPU
		{43A87AA9-D4AE-4BEA-8D80-43A2FD60BB29}.Debug|Any CPU.ActiveCfg = Debug|Any CPU
		{43A87AA9-D4AE-4BEA-8D80-43A2FD60BB29}.Debug|Any CPU.Build.0 = Debug|Any CPU
		{43A87AA9-D4AE-4BEA-8D80-43A2FD60BB29}.Release|Any CPU.ActiveCfg = Release|Any CPU
		{43A87AA9-D4AE-4BEA-8D80-43A2FD60BB29}.Release|Any CPU.Build.0 = Release|Any CPU
	EndGlobalSection
	GlobalSection(SolutionProperties) = preSolution
		HideSolutionNode = FALSE
	EndGlobalSection
EndGlobal
